// !$*UTF8*$!
{
	archiveVersion = 1;
	classes = {
	};
	objectVersion = 50;
	objects = {

/* Begin PBXBuildFile section */
		0705421B21AE42AF009BCE5A /* AppDelegate.swift in Sources */ = {isa = PBXBuildFile; fileRef = 0705421A21AE42AF009BCE5A /* AppDelegate.swift */; };
		0705421D21AE42AF009BCE5A /* ViewController.swift in Sources */ = {isa = PBXBuildFile; fileRef = 0705421C21AE42AF009BCE5A /* ViewController.swift */; };
		0705422021AE42AF009BCE5A /* Main.storyboard in Resources */ = {isa = PBXBuildFile; fileRef = 0705421E21AE42AF009BCE5A /* Main.storyboard */; };
		0705422221AE42B1009BCE5A /* Assets.xcassets in Resources */ = {isa = PBXBuildFile; fileRef = 0705422121AE42B1009BCE5A /* Assets.xcassets */; };
		0705422521AE42B1009BCE5A /* LaunchScreen.storyboard in Resources */ = {isa = PBXBuildFile; fileRef = 0705422321AE42B1009BCE5A /* LaunchScreen.storyboard */; };
		0705422D21AE4335009BCE5A /* MusicListViewModel.swift in Sources */ = {isa = PBXBuildFile; fileRef = 0705422C21AE4335009BCE5A /* MusicListViewModel.swift */; };
		0705422F21AE439C009BCE5A /* Music.swift in Sources */ = {isa = PBXBuildFile; fileRef = 0705422E21AE439C009BCE5A /* Music.swift */; };
		D26AEA70814FD0936A3834EC /* Pods_01_RxSwift.framework in Frameworks */ = {isa = PBXBuildFile; fileRef = 570DF46B7F44784A722D06E8 /* Pods_01_RxSwift.framework */; };
/* End PBXBuildFile section */

/* Begin PBXFileReference section */
		0705421721AE42AF009BCE5A /* 01-RxSwift.app */ = {isa = PBXFileReference; explicitFileType = wrapper.application; includeInIndex = 0; path = "01-RxSwift.app"; sourceTree = BUILT_PRODUCTS_DIR; };
		0705421A21AE42AF009BCE5A /* AppDelegate.swift */ = {isa = PBXFileReference; lastKnownFileType = sourcecode.swift; path = AppDelegate.swift; sourceTree = "<group>"; };
		0705421C21AE42AF009BCE5A /* ViewController.swift */ = {isa = PBXFileReference; lastKnownFileType = sourcecode.swift; path = ViewController.swift; sourceTree = "<group>"; };
		0705421F21AE42AF009BCE5A /* Base */ = {isa = PBXFileReference; lastKnownFileType = file.storyboard; name = Base; path = Base.lproj/Main.storyboard; sourceTree = "<group>"; };
		0705422121AE42B1009BCE5A /* Assets.xcassets */ = {isa = PBXFileReference; lastKnownFileType = folder.assetcatalog; path = Assets.xcassets; sourceTree = "<group>"; };
		0705422421AE42B1009BCE5A /* Base */ = {isa = PBXFileReference; lastKnownFileType = file.storyboard; name = Base; path = Base.lproj/LaunchScreen.storyboard; sourceTree = "<group>"; };
		0705422621AE42B1009BCE5A /* Info.plist */ = {isa = PBXFileReference; lastKnownFileType = text.plist.xml; path = Info.plist; sourceTree = "<group>"; };
		0705422C21AE4335009BCE5A /* MusicListViewModel.swift */ = {isa = PBXFileReference; lastKnownFileType = sourcecode.swift; path = MusicListViewModel.swift; sourceTree = "<group>"; };
		0705422E21AE439C009BCE5A /* Music.swift */ = {isa = PBXFileReference; lastKnownFileType = sourcecode.swift; path = Music.swift; sourceTree = "<group>"; };
		570DF46B7F44784A722D06E8 /* Pods_01_RxSwift.framework */ = {isa = PBXFileReference; explicitFileType = wrapper.framework; includeInIndex = 0; path = Pods_01_RxSwift.framework; sourceTree = BUILT_PRODUCTS_DIR; };
		BA03C5AE5778B2B15738A3B0 /* Pods-01-RxSwift.debug.xcconfig */ = {isa = PBXFileReference; includeInIndex = 1; lastKnownFileType = text.xcconfig; name = "Pods-01-RxSwift.debug.xcconfig"; path = "Pods/Target Support Files/Pods-01-RxSwift/Pods-01-RxSwift.debug.xcconfig"; sourceTree = "<group>"; };
		E82B5F96471C5260D06633EE /* Pods-01-RxSwift.release.xcconfig */ = {isa = PBXFileReference; includeInIndex = 1; lastKnownFileType = text.xcconfig; name = "Pods-01-RxSwift.release.xcconfig"; path = "Pods/Target Support Files/Pods-01-RxSwift/Pods-01-RxSwift.release.xcconfig"; sourceTree = "<group>"; };
/* End PBXFileReference section */

/* Begin PBXFrameworksBuildPhase section */
		0705421421AE42AF009BCE5A /* Frameworks */ = {
			isa = PBXFrameworksBuildPhase;
			buildActionMask = 2147483647;
			files = (
				D26AEA70814FD0936A3834EC /* Pods_01_RxSwift.framework in Frameworks */,
			);
			runOnlyForDeploymentPostprocessing = 0;
		};
/* End PBXFrameworksBuildPhase section */

/* Begin PBXGroup section */
		0705420E21AE42AF009BCE5A = {
			isa = PBXGroup;
			children = (
				0705421921AE42AF009BCE5A /* 01-RxSwift */,
				0705421821AE42AF009BCE5A /* Products */,
				9169A3ACA4EC64276A0EE5C7 /* Pods */,
				AC3A4B0CCF322EB958E76ADA /* Frameworks */,
			);
			sourceTree = "<group>";
		};
		0705421821AE42AF009BCE5A /* Products */ = {
			isa = PBXGroup;
			children = (
				0705421721AE42AF009BCE5A /* 01-RxSwift.app */,
			);
			name = Products;
			sourceTree = "<group>";
		};
		0705421921AE42AF009BCE5A /* 01-RxSwift */ = {
			isa = PBXGroup;
			children = (
				0705421A21AE42AF009BCE5A /* AppDelegate.swift */,
				0705421C21AE42AF009BCE5A /* ViewController.swift */,
				0705422C21AE4335009BCE5A /* MusicListViewModel.swift */,
				0705422E21AE439C009BCE5A /* Music.swift */,
				0705421E21AE42AF009BCE5A /* Main.storyboard */,
				0705422121AE42B1009BCE5A /* Assets.xcassets */,
				0705422321AE42B1009BCE5A /* LaunchScreen.storyboard */,
				0705422621AE42B1009BCE5A /* Info.plist */,
			);
			path = "01-RxSwift";
			sourceTree = "<group>";
		};
		9169A3ACA4EC64276A0EE5C7 /* Pods */ = {
			isa = PBXGroup;
			children = (
				BA03C5AE5778B2B15738A3B0 /* Pods-01-RxSwift.debug.xcconfig */,
				E82B5F96471C5260D06633EE /* Pods-01-RxSwift.release.xcconfig */,
			);
			name = Pods;
			sourceTree = "<group>";
		};
		AC3A4B0CCF322EB958E76ADA /* Frameworks */ = {
			isa = PBXGroup;
			children = (
				570DF46B7F44784A722D06E8 /* Pods_01_RxSwift.framework */,
			);
			name = Frameworks;
			sourceTree = "<group>";
		};
/* End PBXGroup section */

/* Begin PBXNativeTarget section */
		0705421621AE42AF009BCE5A /* 01-RxSwift */ = {
			isa = PBXNativeTarget;
			buildConfigurationList = 0705422921AE42B1009BCE5A /* Build configuration list for PBXNativeTarget "01-RxSwift" */;
			buildPhases = (
				AB2AB317B88FD7FAC2FB0889 /* [CP] Check Pods Manifest.lock */,
				0705421321AE42AF009BCE5A /* Sources */,
				0705421421AE42AF009BCE5A /* Frameworks */,
				0705421521AE42AF009BCE5A /* Resources */,
				F796CEE7D12FFA544A1E0060 /* [CP] Embed Pods Frameworks */,
			);
			buildRules = (
			);
			dependencies = (
			);
			name = "01-RxSwift";
			productName = "01-RxSwift";
			productReference = 0705421721AE42AF009BCE5A /* 01-RxSwift.app */;
			productType = "com.apple.product-type.application";
		};
/* End PBXNativeTarget section */

/* Begin PBXProject section */
		0705420F21AE42AF009BCE5A /* Project object */ = {
			isa = PBXProject;
			attributes = {
				LastSwiftUpdateCheck = 1010;
				LastUpgradeCheck = 1010;
				ORGANIZATIONNAME = "Qing ’s";
				TargetAttributes = {
					0705421621AE42AF009BCE5A = {
						CreatedOnToolsVersion = 10.1;
					};
				};
			};
			buildConfigurationList = 0705421221AE42AF009BCE5A /* Build configuration list for PBXProject "01-RxSwift" */;
			compatibilityVersion = "Xcode 9.3";
			developmentRegion = en;
			hasScannedForEncodings = 0;
			knownRegions = (
				en,
				Base,
			);
			mainGroup = 0705420E21AE42AF009BCE5A;
			productRefGroup = 0705421821AE42AF009BCE5A /* Products */;
			projectDirPath = "";
			projectRoot = "";
			targets = (
				0705421621AE42AF009BCE5A /* 01-RxSwift */,
			);
		};
/* End PBXProject section */

/* Begin PBXResourcesBuildPhase section */
		0705421521AE42AF009BCE5A /* Resources */ = {
			isa = PBXResourcesBuildPhase;
			buildActionMask = 2147483647;
			files = (
				0705422521AE42B1009BCE5A /* LaunchScreen.storyboard in Resources */,
				0705422221AE42B1009BCE5A /* Assets.xcassets in Resources */,
				0705422021AE42AF009BCE5A /* Main.storyboard in Resources */,
			);
			runOnlyForDeploymentPostprocessing = 0;
		};
/* End PBXResourcesBuildPhase section */

/* Begin PBXShellScriptBuildPhase section */
		AB2AB317B88FD7FAC2FB0889 /* [CP] Check Pods Manifest.lock */ = {
			isa = PBXShellScriptBuildPhase;
			buildActionMask = 2147483647;
			files = (
			);
			inputFileListPaths = (
			);
			inputPaths = (
				"${PODS_PODFILE_DIR_PATH}/Podfile.lock",
				"${PODS_ROOT}/Manifest.lock",
			);
			name = "[CP] Check Pods Manifest.lock";
			outputFileListPaths = (
			);
			outputPaths = (
				"$(DERIVED_FILE_DIR)/Pods-01-RxSwift-checkManifestLockResult.txt",
			);
			runOnlyForDeploymentPostprocessing = 0;
			shellPath = /bin/sh;
			shellScript = "diff \"${PODS_PODFILE_DIR_PATH}/Podfile.lock\" \"${PODS_ROOT}/Manifest.lock\" > /dev/null\nif [ $? != 0 ] ; then\n    # print error to STDERR\n    echo \"error: The sandbox is not in sync with the Podfile.lock. Run 'pod install' or update your CocoaPods installation.\" >&2\n    exit 1\nfi\n# This output is used by Xcode 'outputs' to avoid re-running this script phase.\necho \"SUCCESS\" > \"${SCRIPT_OUTPUT_FILE_0}\"\n";
			showEnvVarsInLog = 0;
		};
		F796CEE7D12FFA544A1E0060 /* [CP] Embed Pods Frameworks */ = {
			isa = PBXShellScriptBuildPhase;
			buildActionMask = 2147483647;
			files = (
			);
			inputFileListPaths = (
			);
			inputPaths = (
				"${SRCROOT}/Pods/Target Support Files/Pods-01-RxSwift/Pods-01-RxSwift-frameworks.sh",
				"${BUILT_PRODUCTS_DIR}/RxAtomic/RxAtomic.framework",
				"${BUILT_PRODUCTS_DIR}/RxCocoa/RxCocoa.framework",
				"${BUILT_PRODUCTS_DIR}/RxSwift/RxSwift.framework",
			);
			name = "[CP] Embed Pods Frameworks";
			outputFileListPaths = (
			);
			outputPaths = (
				"${TARGET_BUILD_DIR}/${FRAMEWORKS_FOLDER_PATH}/RxAtomic.framework",
				"${TARGET_BUILD_DIR}/${FRAMEWORKS_FOLDER_PATH}/RxCocoa.framework",
				"${TARGET_BUILD_DIR}/${FRAMEWORKS_FOLDER_PATH}/RxSwift.framework",
			);
			runOnlyForDeploymentPostprocessing = 0;
			shellPath = /bin/sh;
			shellScript = "\"${SRCROOT}/Pods/Target Support Files/Pods-01-RxSwift/Pods-01-RxSwift-frameworks.sh\"\n";
			showEnvVarsInLog = 0;
		};
/* End PBXShellScriptBuildPhase section */

/* Begin PBXSourcesBuildPhase section */
		0705421321AE42AF009BCE5A /* Sources */ = {
			isa = PBXSourcesBuildPhase;
			buildActionMask = 2147483647;
			files = (
				0705421D21AE42AF009BCE5A /* ViewController.swift in Sources */,
				0705421B21AE42AF009BCE5A /* AppDelegate.swift in Sources */,
				0705422D21AE4335009BCE5A /* MusicListViewModel.swift in Sources */,
				0705422F21AE439C009BCE5A /* Music.swift in Sources */,
			);
			runOnlyForDeploymentPostprocessing = 0;
		};
/* End PBXSourcesBuildPhase section */

/* Begin PBXVariantGroup section */
		0705421E21AE42AF009BCE5A /* Main.storyboard */ = {
			isa = PBXVariantGroup;
			children = (
				0705421F21AE42AF009BCE5A /* Base */,
			);
			name = Main.storyboard;
			sourceTree = "<group>";
		};
		0705422321AE42B1009BCE5A /* LaunchScreen.storyboard */ = {
			isa = PBXVariantGroup;
			children = (
				0705422421AE42B1009BCE5A /* Base */,
			);
			name = LaunchScreen.storyboard;
			sourceTree = "<group>";
		};
/* End PBXVariantGroup section */

/* Begin XCBuildConfiguration section */
		0705422721AE42B1009BCE5A /* Debug */ = {
			isa = XCBuildConfiguration;
			buildSettings = {
				ALWAYS_SEARCH_USER_PATHS = NO;
				CLANG_ANALYZER_NONNULL = YES;
				CLANG_ANALYZER_NUMBER_OBJECT_CONVERSION = YES_AGGRESSIVE;
				CLANG_CXX_LANGUAGE_STANDARD = "gnu++14";
				CLANG_CXX_LIBRARY = "libc++";
				CLANG_ENABLE_MODULES = YES;
				CLANG_ENABLE_OBJC_ARC = YES;
				CLANG_ENABLE_OBJC_WEAK = YES;
				CLANG_WARN_BLOCK_CAPTURE_AUTORELEASING = YES;
				CLANG_WARN_BOOL_CONVERSION = YES;
				CLANG_WARN_COMMA = YES;
				CLANG_WARN_CONSTANT_CONVERSION = YES;
				CLANG_WARN_DEPRECATED_OBJC_IMPLEMENTATIONS = YES;
				CLANG_WARN_DIRECT_OBJC_ISA_USAGE = YES_ERROR;
				CLANG_WARN_DOCUMENTATION_COMMENTS = YES;
				CLANG_WARN_EMPTY_BODY = YES;
				CLANG_WARN_ENUM_CONVERSION = YES;
				CLANG_WARN_INFINITE_RECURSION = YES;
				CLANG_WARN_INT_CONVERSION = YES;
				CLANG_WARN_NON_LITERAL_NULL_CONVERSION = YES;
				CLANG_WARN_OBJC_IMPLICIT_RETAIN_SELF = YES;
				CLANG_WARN_OBJC_LITERAL_CONVERSION = YES;
				CLANG_WARN_OBJC_ROOT_CLASS = YES_ERROR;
				CLANG_WARN_RANGE_LOOP_ANALYSIS = YES;
				CLANG_WARN_STRICT_PROTOTYPES = YES;
				CLANG_WARN_SUSPICIOUS_MOVE = YES;
				CLANG_WARN_UNGUARDED_AVAILABILITY = YES_AGGRESSIVE;
				CLANG_WARN_UNREACHABLE_CODE = YES;
				CLANG_WARN__DUPLICATE_METHOD_MATCH = YES;
				CODE_SIGN_IDENTITY = "iPhone Developer";
				COPY_PHASE_STRIP = NO;
				DEBUG_INFORMATION_FORMAT = dwarf;
				ENABLE_STRICT_OBJC_MSGSEND = YES;
				ENABLE_TESTABILITY = YES;
				GCC_C_LANGUAGE_STANDARD = gnu11;
				GCC_DYNAMIC_NO_PIC = NO;
				GCC_NO_COMMON_BLOCKS = YES;
				GCC_OPTIMIZATION_LEVEL = 0;
				GCC_PREPROCESSOR_DEFINITIONS = (
					"DEBUG=1",
					"$(inherited)",
				);
				GCC_WARN_64_TO_32_BIT_CONVERSION = YES;
				GCC_WARN_ABOUT_RETURN_TYPE = YES_ERROR;
				GCC_WARN_UNDECLARED_SELECTOR = YES;
				GCC_WARN_UNINITIALIZED_AUTOS = YES_AGGRESSIVE;
				GCC_WARN_UNUSED_FUNCTION = YES;
				GCC_WARN_UNUSED_VARIABLE = YES;
				IPHONEOS_DEPLOYMENT_TARGET = 12.1;
				MTL_ENABLE_DEBUG_INFO = INCLUDE_SOURCE;
				MTL_FAST_MATH = YES;
				ONLY_ACTIVE_ARCH = YES;
				SDKROOT = iphoneos;
				SWIFT_ACTIVE_COMPILATION_CONDITIONS = DEBUG;
				SWIFT_OPTIMIZATION_LEVEL = "-Onone";
			};
			name = Debug;
		};
		0705422821AE42B1009BCE5A /* Release */ = {
			isa = XCBuildConfiguration;
			buildSettings = {
				ALWAYS_SEARCH_USER_PATHS = NO;
				CLANG_ANALYZER_NONNULL = YES;
				CLANG_ANALYZER_NUMBER_OBJECT_CONVERSION = YES_AGGRESSIVE;
				CLANG_CXX_LANGUAGE_STANDARD = "gnu++14";
				CLANG_CXX_LIBRARY = "libc++";
				CLANG_ENABLE_MODULES = YES;
				CLANG_ENABLE_OBJC_ARC = YES;
				CLANG_ENABLE_OBJC_WEAK = YES;
				CLANG_WARN_BLOCK_CAPTURE_AUTORELEASING = YES;
				CLANG_WARN_BOOL_CONVERSION = YES;
				CLANG_WARN_COMMA = YES;
				CLANG_WARN_CONSTANT_CONVERSION = YES;
				CLANG_WARN_DEPRECATED_OBJC_IMPLEMENTATIONS = YES;
				CLANG_WARN_DIRECT_OBJC_ISA_USAGE = YES_ERROR;
				CLANG_WARN_DOCUMENTATION_COMMENTS = YES;
				CLANG_WARN_EMPTY_BODY = YES;
				CLANG_WARN_ENUM_CONVERSION = YES;
				CLANG_WARN_INFINITE_RECURSION = YES;
				CLANG_WARN_INT_CONVERSION = YES;
				CLANG_WARN_NON_LITERAL_NULL_CONVERSION = YES;
				CLANG_WARN_OBJC_IMPLICIT_RETAIN_SELF = YES;
				CLANG_WARN_OBJC_LITERAL_CONVERSION = YES;
				CLANG_WARN_OBJC_ROOT_CLASS = YES_ERROR;
				CLANG_WARN_RANGE_LOOP_ANALYSIS = YES;
				CLANG_WARN_STRICT_PROTOTYPES = YES;
				CLANG_WARN_SUSPICIOUS_MOVE = YES;
				CLANG_WARN_UNGUARDED_AVAILABILITY = YES_AGGRESSIVE;
				CLANG_WARN_UNREACHABLE_CODE = YES;
				CLANG_WARN__DUPLICATE_METHOD_MATCH = YES;
				CODE_SIGN_IDENTITY = "iPhone Developer";
				COPY_PHASE_STRIP = NO;
				DEBUG_INFORMATION_FORMAT = "dwarf-with-dsym";
				ENABLE_NS_ASSERTIONS = NO;
				ENABLE_STRICT_OBJC_MSGSEND = YES;
				GCC_C_LANGUAGE_STANDARD = gnu11;
				GCC_NO_COMMON_BLOCKS = YES;
				GCC_WARN_64_TO_32_BIT_CONVERSION = YES;
				GCC_WARN_ABOUT_RETURN_TYPE = YES_ERROR;
				GCC_WARN_UNDECLARED_SELECTOR = YES;
				GCC_WARN_UNINITIALIZED_AUTOS = YES_AGGRESSIVE;
				GCC_WARN_UNUSED_FUNCTION = YES;
				GCC_WARN_UNUSED_VARIABLE = YES;
				IPHONEOS_DEPLOYMENT_TARGET = 12.1;
				MTL_ENABLE_DEBUG_INFO = NO;
				MTL_FAST_MATH = YES;
				SDKROOT = iphoneos;
				SWIFT_COMPILATION_MODE = wholemodule;
				SWIFT_OPTIMIZATION_LEVEL = "-O";
				VALIDATE_PRODUCT = YES;
			};
			name = Release;
		};
		0705422A21AE42B1009BCE5A /* Debug */ = {
			isa = XCBuildConfiguration;
			baseConfigurationReference = BA03C5AE5778B2B15738A3B0 /* Pods-01-RxSwift.debug.xcconfig */;
			buildSettings = {
				ASSETCATALOG_COMPILER_APPICON_NAME = AppIcon;
				CODE_SIGN_STYLE = Automatic;
				DEVELOPMENT_TEAM = CJX8PPSTJ2;
				INFOPLIST_FILE = "01-RxSwift/Info.plist";
				LD_RUNPATH_SEARCH_PATHS = (
					"$(inherited)",
					"@executable_path/Frameworks",
				);
				PRODUCT_BUNDLE_IDENTIFIER = "haoqing.-1-RxSwift";
				PRODUCT_NAME = "$(TARGET_NAME)";
				SWIFT_VERSION = 4.2;
				TARGETED_DEVICE_FAMILY = "1,2";
			};
			name = Debug;
		};
		0705422B21AE42B1009BCE5A /* Release */ = {
			isa = XCBuildConfiguration;
			baseConfigurationReference = E82B5F96471C5260D06633EE /* Pods-01-RxSwift.release.xcconfig */;
			buildSettings = {
				ASSETCATALOG_COMPILER_APPICON_NAME = AppIcon;
				CODE_SIGN_STYLE = Automatic;
				DEVELOPMENT_TEAM = CJX8PPSTJ2;
				INFOPLIST_FILE = "01-RxSwift/Info.plist";
				LD_RUNPATH_SEARCH_PATHS = (
					"$(inherited)",
					"@executable_path/Frameworks",
				);
				PRODUCT_BUNDLE_IDENTIFIER = "haoqing.-1-RxSwift";
				PRODUCT_NAME = "$(TARGET_NAME)";
				SWIFT_VERSION = 4.2;
				TARGETED_DEVICE_FAMILY = "1,2";
			};
			name = Release;
		};
/* End XCBuildConfiguration section */

/* Begin XCConfigurationList section */
		0705421221AE42AF009BCE5A /* Build configuration list for PBXProject "01-RxSwift" */ = {
			isa = XCConfigurationList;
			buildConfigurations = (
				0705422721AE42B1009BCE5A /* Debug */,
				0705422821AE42B1009BCE5A /* Release */,
			);
			defaultConfigurationIsVisible = 0;
			defaultConfigurationName = Release;
		};
		0705422921AE42B1009BCE5A /* Build configuration list for PBXNativeTarget "01-RxSwift" */ = {
			isa = XCConfigurationList;
			buildConfigurations = (
				0705422A21AE42B1009BCE5A /* Debug */,
				0705422B21AE42B1009BCE5A /* Release */,
			);
			defaultConfigurationIsVisible = 0;
			defaultConfigurationName = Release;
		};
/* End XCConfigurationList section */
	};
	rootObject = 0705420F21AE42AF009BCE5A /* Project object */;
}
